schema: '2.0'
stages:
  convert:
    cmd: python3 preprocess/convert_labels.py
    deps:
    - path: preprocess/convert_labels.py
      hash: md5
      md5: ef37aa8f678a314c822e341074f2bb17
      size: 1676
    - path: preprocess/raw_labels
      hash: md5
      md5: 1001577892110bbf24c0eb1482ff79ad.dir
      size: 495102
      nfiles: 7
  split:
    cmd: python3 preprocess/train_test_split.py --dvc
    deps:
    - path: dataset/grain_data/labels
      hash: md5
      md5: ef8b899d125d8873531990b9ad452d2b.dir
      size: 306288
      nfiles: 38
    - path: preprocess/raw_images
      hash: md5
      md5: 48c1b84f951487c93844f46f1a9c5d52.dir
      size: 107738105
      nfiles: 38
    - path: preprocess/train_test_split.py
      hash: md5
      md5: 695a1e7a20b144a04d65a5b727cabc50
      size: 2582
    params:
      params.yaml:
        split.val_size: 0
    outs:
    - path: dataset/grain_data/test
      hash: md5
      md5: 48316c46becf649558e475bc130cc33b.dir
      size: 21212583
      nfiles: 16
    - path: dataset/grain_data/train
      hash: md5
      md5: 75a6adcaba10958783cebb6549e0ffc5.dir
      size: 102119015
      nfiles: 72
    - path: dataset/grain_data/val
      hash: md5
      md5: d751713988987e9331980363e24189ce.dir
      size: 0
      nfiles: 0
  train:
    cmd: python3 train.py --img 1024 --batch 1 --data data.yaml --weights yolov5m.pt
      --dvc
    deps:
    - path: data/hyps/hyp.scratch-high.yaml
      hash: md5
      md5: ab559c638e8d7d10dd075800228c80fb
      size: 1664
    - path: data/hyps/hyp.scratch-low.yaml
      hash: md5
      md5: 99d60c4b5781bd3fca45d0eb93667b0c
      size: 1664
    - path: data/hyps/hyp.scratch-med.yaml
      hash: md5
      md5: d04730e775ce10bc4f610efe2f1c7364
      size: 1658
    - path: dataset/grain_data/test
      hash: md5
      md5: 48316c46becf649558e475bc130cc33b.dir
      size: 21212583
      nfiles: 16
    - path: dataset/grain_data/train
      hash: md5
      md5: 75a6adcaba10958783cebb6549e0ffc5.dir
      size: 102119015
      nfiles: 72
    - path: dataset/grain_data/val
      hash: md5
      md5: d751713988987e9331980363e24189ce.dir
      size: 0
      nfiles: 0
    - path: params.yaml
      hash: md5
      md5: a4bd6d1c9a010835ebb0a7c2af8119d6
      size: 45
    - path: train.py
      hash: md5
      md5: 705e387c58298fa0e436c740037986a0
      size: 40047
    params:
      params.yaml:
        train.epochs: 1000
