schema: '2.0'
stages:
  convert:
    cmd: python3 preprocess/convert_labels.py
    deps:
    - path: preprocess/convert_labels.py
      hash: md5
      md5: 72742452cc1eb7e35e55eb14475f5d19
      size: 1585
    - path: preprocess/raw_labels
      hash: md5
      md5: 0b37f272b850c5028a20c8660d6cfb0b.dir
      size: 109165
      nfiles: 3
    outs:
    - path: dataset/grain_data/labels
      hash: md5
      md5: 27600b1ddc60c8e9748d0a3829136130.dir
      size: 24263
      nfiles: 3
  split:
    cmd: python3 preprocess/train_test_split.py
    deps:
    - path: dataset/grain_data/labels
      hash: md5
      md5: 27600b1ddc60c8e9748d0a3829136130.dir
      size: 24263
      nfiles: 3
    - path: preprocess/raw_images
      hash: md5
      md5: ef421943e99584049add501e4309e5eb.dir
      size: 3548863
      nfiles: 3
    - path: preprocess/train_test_split.py
      hash: md5
      md5: ac229e7b1e5c373b34656755845e56d9
      size: 1362
    outs:
    - path: dataset/grain_data/test
      hash: md5
      md5: afe7ed413d4999a1fc056a3b73b49291.dir
      size: 1113839
      nfiles: 2
    - path: dataset/grain_data/train
      hash: md5
      md5: 6c629acbb98d3a174069be9fc60770c3.dir
      size: 2459287
      nfiles: 4
  train:
    cmd: python3 train.py --img 1024 --batch 1 --epochs 50 --data data.yaml --weights
      yolov5s.pt
    deps:
    - path: data/hyps/hyp.scratch-high.yaml
      hash: md5
      md5: ab559c638e8d7d10dd075800228c80fb
      size: 1664
    - path: data/hyps/hyp.scratch-low.yaml
      hash: md5
      md5: 366d052821741b1ad59dfe13e185e5d2
      size: 1656
    - path: data/hyps/hyp.scratch-med.yaml
      hash: md5
      md5: d04730e775ce10bc4f610efe2f1c7364
      size: 1658
    - path: dataset/grain_data/test
      hash: md5
      md5: afe7ed413d4999a1fc056a3b73b49291.dir
      size: 1113839
      nfiles: 2
    - path: dataset/grain_data/train
      hash: md5
      md5: 6c629acbb98d3a174069be9fc60770c3.dir
      size: 2459287
      nfiles: 4
    - path: dataset/grain_data/val
      hash: md5
      md5: d751713988987e9331980363e24189ce.dir
      size: 0
      nfiles: 0
    - path: train.py
      hash: md5
      md5: 66ea8b66d2017e633fbd2b2c8c6eca5a
      size: 39782
    outs:
    - path: runs/train
      hash: md5
      md5: aff183a9fc9562be83de00dc91bf33bf.dir
      size: 31339964
      nfiles: 15
